
Microsoft Visual Studio Solution File, Format Version 12.00
# Visual Studio Version 16
VisualStudioVersion = 16.0.31515.178
MinimumVisualStudioVersion = 10.0.40219.1
Project("{FAE04EC0-301F-11D3-BF4B-00C04F79EFBC}") = "Inventarios", "Inventarios\Inventarios.csproj", "{5F8E49DA-520D-4EAE-A437-46541190B180}"
EndProject
Global
	GlobalSection(SolutionConfigurationPlatforms) = preSolution
		Debug|Any CPU = Debug|Any CPU
		Release|Any CPU = Release|Any CPU
	EndGlobalSection
	GlobalSection(ProjectConfigurationPlatforms) = postSolution
		{5F8E49DA-520D-4EAE-A437-46541190B180}.Debug|Any CPU.ActiveCfg = Debug|Any CPU
		{5F8E49DA-520D-4EAE-A437-46541190B180}.Debug|Any CPU.Build.0 = Debug|Any CPU
		{5F8E49DA-520D-4EAE-A437-46541190B180}.Release|Any CPU.ActiveCfg = Release|Any CPU
		{5F8E49DA-520D-4EAE-A437-46541190B180}.Release|Any CPU.Build.0 = Release|Any CPU
	EndGlobalSection
	GlobalSection(SolutionProperties) = preSolution
		HideSolutionNode = FALSE
	EndGlobalSection
	GlobalSection(ExtensibilityGlobals) = postSolution
		SolutionGuid = {F29461AD-0A57-44D2-B07D-6B670FDF1453}
	EndGlobalSection
EndGlobal
